Microsoft Visual Studio Solution File, Format Version 12.00
# Visual Studio 15
VisualStudioVersion = 15.0.27004.2005
MinimumVisualStudioVersion = 15.0.26124.0
Project("{2150E333-8FDC-42A3-9474-1A3956D46DE8}") = "src", "src", "{8A98AE16-CDB9-46CD-9BD7-271E5CCEF5B0}"
EndProject
Project("{9A19103F-16F7-4668-BE54-9A1E7A4F7556}") = "StoreOfBuild.Domain", "src\StoreOfBuild.Domain\StoreOfBuild.Domain.csproj", "{BB2FF4E3-5B1A-4338-B72F-334BF1DDFA77}"
EndProject
Project("{FAE04EC0-301F-11D3-BF4B-00C04F79EFBC}") = "StoreOfBuild.Data", "src\StoreOfBuild.Data\StoreOfBuild.Data.csproj", "{A3B15583-7461-4FD9-81F3-EEE9405745E9}"
EndProject
Project("{FAE04EC0-301F-11D3-BF4B-00C04F79EFBC}") = "StoreOfBuild.DI", "src\StoreOfBuild.DI\StoreOfBuild.DI.csproj", "{3430C370-AAED-4080-8B62-98EDD31AC5EC}"
EndProject
Project("{FAE04EC0-301F-11D3-BF4B-00C04F79EFBC}") = "StoreOfBuild.Web", "src\StoreOfBuild.Web\StoreOfBuild.Web.csproj", "{CB8743E0-1357-47A8-A992-BC85C74BB9D6}"
EndProject
Global
	GlobalSection(SolutionConfigurationPlatforms) = preSolution
		Debug|Any CPU = Debug|Any CPU
		Debug|x64 = Debug|x64
		Debug|x86 = Debug|x86
		Release|Any CPU = Release|Any CPU
		Release|x64 = Release|x64
		Release|x86 = Release|x86
	EndGlobalSection
	GlobalSection(ProjectConfigurationPlatforms) = postSolution
		{BB2FF4E3-5B1A-4338-B72F-334BF1DDFA77}.Debug|Any CPU.ActiveCfg = Debug|Any CPU
		{BB2FF4E3-5B1A-4338-B72F-334BF1DDFA77}.Debug|Any CPU.Build.0 = Debug|Any CPU
		{BB2FF4E3-5B1A-4338-B72F-334BF1DDFA77}.Debug|x64.ActiveCfg = Debug|Any CPU
		{BB2FF4E3-5B1A-4338-B72F-334BF1DDFA77}.Debug|x64.Build.0 = Debug|Any CPU
		{BB2FF4E3-5B1A-4338-B72F-334BF1DDFA77}.Debug|x86.ActiveCfg = Debug|Any CPU
		{BB2FF4E3-5B1A-4338-B72F-334BF1DDFA77}.Debug|x86.Build.0 = Debug|Any CPU
		{BB2FF4E3-5B1A-4338-B72F-334BF1DDFA77}.Release|Any CPU.ActiveCfg = Release|Any CPU
		{BB2FF4E3-5B1A-4338-B72F-334BF1DDFA77}.Release|Any CPU.Build.0 = Release|Any CPU
		{BB2FF4E3-5B1A-4338-B72F-334BF1DDFA77}.Release|x64.ActiveCfg = Release|Any CPU
		{BB2FF4E3-5B1A-4338-B72F-334BF1DDFA77}.Release|x64.Build.0 = Release|Any CPU
		{BB2FF4E3-5B1A-4338-B72F-334BF1DDFA77}.Release|x86.ActiveCfg = Release|Any CPU
		{BB2FF4E3-5B1A-4338-B72F-334BF1DDFA77}.Release|x86.Build.0 = Release|Any CPU
		{A3B15583-7461-4FD9-81F3-EEE9405745E9}.Debug|Any CPU.ActiveCfg = Debug|Any CPU
		{A3B15583-7461-4FD9-81F3-EEE9405745E9}.Debug|Any CPU.Build.0 = Debug|Any CPU
		{A3B15583-7461-4FD9-81F3-EEE9405745E9}.Debug|x64.ActiveCfg = Debug|x64
		{A3B15583-7461-4FD9-81F3-EEE9405745E9}.Debug|x64.Build.0 = Debug|x64
		{A3B15583-7461-4FD9-81F3-EEE9405745E9}.Debug|x86.ActiveCfg = Debug|x86
		{A3B15583-7461-4FD9-81F3-EEE9405745E9}.Debug|x86.Build.0 = Debug|x86
		{A3B15583-7461-4FD9-81F3-EEE9405745E9}.Release|Any CPU.ActiveCfg = Release|Any CPU
		{A3B15583-7461-4FD9-81F3-EEE9405745E9}.Release|Any CPU.Build.0 = Release|Any CPU
		{A3B15583-7461-4FD9-81F3-EEE9405745E9}.Release|x64.ActiveCfg = Release|x64
		{A3B15583-7461-4FD9-81F3-EEE9405745E9}.Release|x64.Build.0 = Release|x64
		{A3B15583-7461-4FD9-81F3-EEE9405745E9}.Release|x86.ActiveCfg = Release|x86
		{A3B15583-7461-4FD9-81F3-EEE9405745E9}.Release|x86.Build.0 = Release|x86
		{3430C370-AAED-4080-8B62-98EDD31AC5EC}.Debug|Any CPU.ActiveCfg = Debug|Any CPU
		{3430C370-AAED-4080-8B62-98EDD31AC5EC}.Debug|Any CPU.Build.0 = Debug|Any CPU
		{3430C370-AAED-4080-8B62-98EDD31AC5EC}.Debug|x64.ActiveCfg = Debug|x64
		{3430C370-AAED-4080-8B62-98EDD31AC5EC}.Debug|x64.Build.0 = Debug|x64
		{3430C370-AAED-4080-8B62-98EDD31AC5EC}.Debug|x86.ActiveCfg = Debug|x86
		{3430C370-AAED-4080-8B62-98EDD31AC5EC}.Debug|x86.Build.0 = Debug|x86
		{3430C370-AAED-4080-8B62-98EDD31AC5EC}.Release|Any CPU.ActiveCfg = Release|Any CPU
		{3430C370-AAED-4080-8B62-98EDD31AC5EC}.Release|Any CPU.Build.0 = Release|Any CPU
		{3430C370-AAED-4080-8B62-98EDD31AC5EC}.Release|x64.ActiveCfg = Release|x64
		{3430C370-AAED-4080-8B62-98EDD31AC5EC}.Release|x64.Build.0 = Release|x64
		{3430C370-AAED-4080-8B62-98EDD31AC5EC}.Release|x86.ActiveCfg = Release|x86
		{3430C370-AAED-4080-8B62-98EDD31AC5EC}.Release|x86.Build.0 = Release|x86
		{CB8743E0-1357-47A8-A992-BC85C74BB9D6}.Debug|Any CPU.ActiveCfg = Debug|Any CPU
		{CB8743E0-1357-47A8-A992-BC85C74BB9D6}.Debug|Any CPU.Build.0 = Debug|Any CPU
		{CB8743E0-1357-47A8-A992-BC85C74BB9D6}.Debug|x64.ActiveCfg = Debug|x64
		{CB8743E0-1357-47A8-A992-BC85C74BB9D6}.Debug|x64.Build.0 = Debug|x64
		{CB8743E0-1357-47A8-A992-BC85C74BB9D6}.Debug|x86.ActiveCfg = Debug|x86
		{CB8743E0-1357-47A8-A992-BC85C74BB9D6}.Debug|x86.Build.0 = Debug|x86
		{CB8743E0-1357-47A8-A992-BC85C74BB9D6}.Release|Any CPU.ActiveCfg = Release|Any CPU
		{CB8743E0-1357-47A8-A992-BC85C74BB9D6}.Release|Any CPU.Build.0 = Release|Any CPU
		{CB8743E0-1357-47A8-A992-BC85C74BB9D6}.Release|x64.ActiveCfg = Release|x64
		{CB8743E0-1357-47A8-A992-BC85C74BB9D6}.Release|x64.Build.0 = Release|x64
		{CB8743E0-1357-47A8-A992-BC85C74BB9D6}.Release|x86.ActiveCfg = Release|x86
		{CB8743E0-1357-47A8-A992-BC85C74BB9D6}.Release|x86.Build.0 = Release|x86
	EndGlobalSection
	GlobalSection(SolutionProperties) = preSolution
		HideSolutionNode = FALSE
	EndGlobalSection
	GlobalSection(NestedProjects) = preSolution
		{BB2FF4E3-5B1A-4338-B72F-334BF1DDFA77} = {8A98AE16-CDB9-46CD-9BD7-271E5CCEF5B0}
		{A3B15583-7461-4FD9-81F3-EEE9405745E9} = {8A98AE16-CDB9-46CD-9BD7-271E5CCEF5B0}
		{3430C370-AAED-4080-8B62-98EDD31AC5EC} = {8A98AE16-CDB9-46CD-9BD7-271E5CCEF5B0}
		{CB8743E0-1357-47A8-A992-BC85C74BB9D6} = {8A98AE16-CDB9-46CD-9BD7-271E5CCEF5B0}
	EndGlobalSection
	GlobalSection(ExtensibilityGlobals) = postSolution
		SolutionGuid = {84A33801-2F42-4331-B04C-835A9DC44CF3}
	EndGlobalSection
EndGlobal
